
Microsoft Visual Studio Solution File, Format Version 12.00
# Visual Studio Version 16
VisualStudioVersion = 16.0.29215.179
MinimumVisualStudioVersion = 10.0.40219.1
Project("{FAE04EC0-301F-11D3-BF4B-00C04F79EFBC}") = "IdentityFramework", "IdentityFramework\IdentityFramework.csproj", "{8F886C41-08BD-4D70-B412-12BC4D0ACD12}"
EndProject
Global
	GlobalSection(SolutionConfigurationPlatforms) = preSolution
		Debug|Any CPU = Debug|Any CPU
		Release|Any CPU = Release|Any CPU
	EndGlobalSection
	GlobalSection(ProjectConfigurationPlatforms) = postSolution
		{8F886C41-08BD-4D70-B412-12BC4D0ACD12}.Debug|Any CPU.ActiveCfg = Debug|Any CPU
		{8F886C41-08BD-4D70-B412-12BC4D0ACD12}.Debug|Any CPU.Build.0 = Debug|Any CPU
		{8F886C41-08BD-4D70-B412-12BC4D0ACD12}.Release|Any CPU.ActiveCfg = Release|Any CPU
		{8F886C41-08BD-4D70-B412-12BC4D0ACD12}.Release|Any CPU.Build.0 = Release|Any CPU
	EndGlobalSection
	GlobalSection(SolutionProperties) = preSolution
		HideSolutionNode = FALSE
	EndGlobalSection
	GlobalSection(ExtensibilityGlobals) = postSolution
		SolutionGuid = {B102A5E0-B0A5-4451-B73E-BC78AE4C4E1F}
	EndGlobalSection
EndGlobal
